
Microsoft Visual Studio Solution File, Format Version 12.00
# Visual Studio 15
VisualStudioVersion = 15.0.28307.1082
MinimumVisualStudioVersion = 10.0.40219.1
Project("{8BC9CEB8-8B4A-11D0-8D11-00A0C91BC942}") = "Inhertance", "Inhertance\Inhertance.vcxproj", "{9C36B632-F447-42C3-B209-44AFC9D7F7CD}"
EndProject
Project("{8BC9CEB8-8B4A-11D0-8D11-00A0C91BC942}") = "Academy", "Academy\Academy.vcxproj", "{9B0B8BDD-38B1-4802-9B1D-7257C7DBD4CB}"
EndProject
Project("{8BC9CEB8-8B4A-11D0-8D11-00A0C91BC942}") = "TheZoo", "TheZoo\TheZoo.vcxproj", "{61E8B447-C316-4C80-BCCF-6062EBB0AB19}"
EndProject
Project("{8BC9CEB8-8B4A-11D0-8D11-00A0C91BC942}") = "Geometry", "Geometry\Geometry.vcxproj", "{3F0B71D1-CF98-436F-9C28-A43AE404B99A}"
EndProject
Global
	GlobalSection(SolutionConfigurationPlatforms) = preSolution
		Debug|x64 = Debug|x64
		Debug|x86 = Debug|x86
		Release|x64 = Release|x64
		Release|x86 = Release|x86
	EndGlobalSection
	GlobalSection(ProjectConfigurationPlatforms) = postSolution
		{9C36B632-F447-42C3-B209-44AFC9D7F7CD}.Debug|x64.ActiveCfg = Debug|x64
		{9C36B632-F447-42C3-B209-44AFC9D7F7CD}.Debug|x64.Build.0 = Debug|x64
		{9C36B632-F447-42C3-B209-44AFC9D7F7CD}.Debug|x86.ActiveCfg = Debug|Win32
		{9C36B632-F447-42C3-B209-44AFC9D7F7CD}.Debug|x86.Build.0 = Debug|Win32
		{9C36B632-F447-42C3-B209-44AFC9D7F7CD}.Release|x64.ActiveCfg = Release|x64
		{9C36B632-F447-42C3-B209-44AFC9D7F7CD}.Release|x64.Build.0 = Release|x64
		{9C36B632-F447-42C3-B209-44AFC9D7F7CD}.Release|x86.ActiveCfg = Release|Win32
		{9C36B632-F447-42C3-B209-44AFC9D7F7CD}.Release|x86.Build.0 = Release|Win32
		{9B0B8BDD-38B1-4802-9B1D-7257C7DBD4CB}.Debug|x64.ActiveCfg = Debug|x64
		{9B0B8BDD-38B1-4802-9B1D-7257C7DBD4CB}.Debug|x64.Build.0 = Debug|x64
		{9B0B8BDD-38B1-4802-9B1D-7257C7DBD4CB}.Debug|x86.ActiveCfg = Debug|Win32
		{9B0B8BDD-38B1-4802-9B1D-7257C7DBD4CB}.Debug|x86.Build.0 = Debug|Win32
		{9B0B8BDD-38B1-4802-9B1D-7257C7DBD4CB}.Release|x64.ActiveCfg = Release|x64
		{9B0B8BDD-38B1-4802-9B1D-7257C7DBD4CB}.Release|x64.Build.0 = Release|x64
		{9B0B8BDD-38B1-4802-9B1D-7257C7DBD4CB}.Release|x86.ActiveCfg = Release|Win32
		{9B0B8BDD-38B1-4802-9B1D-7257C7DBD4CB}.Release|x86.Build.0 = Release|Win32
		{61E8B447-C316-4C80-BCCF-6062EBB0AB19}.Debug|x64.ActiveCfg = Debug|x64
		{61E8B447-C316-4C80-BCCF-6062EBB0AB19}.Debug|x64.Build.0 = Debug|x64
		{61E8B447-C316-4C80-BCCF-6062EBB0AB19}.Debug|x86.ActiveCfg = Debug|Win32
		{61E8B447-C316-4C80-BCCF-6062EBB0AB19}.Debug|x86.Build.0 = Debug|Win32
		{61E8B447-C316-4C80-BCCF-6062EBB0AB19}.Release|x64.ActiveCfg = Release|x64
		{61E8B447-C316-4C80-BCCF-6062EBB0AB19}.Release|x64.Build.0 = Release|x64
		{61E8B447-C316-4C80-BCCF-6062EBB0AB19}.Release|x86.ActiveCfg = Release|Win32
		{61E8B447-C316-4C80-BCCF-6062EBB0AB19}.Release|x86.Build.0 = Release|Win32
		{3F0B71D1-CF98-436F-9C28-A43AE404B99A}.Debug|x64.ActiveCfg = Debug|x64
		{3F0B71D1-CF98-436F-9C28-A43AE404B99A}.Debug|x64.Build.0 = Debug|x64
		{3F0B71D1-CF98-436F-9C28-A43AE404B99A}.Debug|x86.ActiveCfg = Debug|Win32
		{3F0B71D1-CF98-436F-9C28-A43AE404B99A}.Debug|x86.Build.0 = Debug|Win32
		{3F0B71D1-CF98-436F-9C28-A43AE404B99A}.Release|x64.ActiveCfg = Release|x64
		{3F0B71D1-CF98-436F-9C28-A43AE404B99A}.Release|x64.Build.0 = Release|x64
		{3F0B71D1-CF98-436F-9C28-A43AE404B99A}.Release|x86.ActiveCfg = Release|Win32
		{3F0B71D1-CF98-436F-9C28-A43AE404B99A}.Release|x86.Build.0 = Release|Win32
	EndGlobalSection
	GlobalSection(SolutionProperties) = preSolution
		HideSolutionNode = FALSE
	EndGlobalSection
	GlobalSection(ExtensibilityGlobals) = postSolution
		SolutionGuid = {A709CCEE-6119-4559-A11C-73673326CC03}
	EndGlobalSection
EndGlobal
